
Microsoft Visual Studio Solution File, Format Version 12.00
# Visual Studio Version 16
VisualStudioVersion = 16.0.29920.165
MinimumVisualStudioVersion = 10.0.40219.1
Project("{9A19103F-16F7-4668-BE54-9A1E7A4F7556}") = "IL.Extensions.Configuration.Memory.NewtonsoftJson", "IL.Extensions.Configuration.Memory.NewtonsoftJson\IL.Extensions.Configuration.Memory.NewtonsoftJson.csproj", "{C6491F9A-02B2-4CC6-8153-9ED8D212C97B}"
EndProject
Project("{9A19103F-16F7-4668-BE54-9A1E7A4F7556}") = "IL.Extensions.Configuration.Memory.NewtonsoftJson.Tests", "IL.Extensions.Configuration.Memory.NewtonsoftJson.Tests\IL.Extensions.Configuration.Memory.NewtonsoftJson.Tests.csproj", "{46A9EDC2-3033-45F0-A9B3-FFB1C2A1E15E}"
EndProject
Project("{9A19103F-16F7-4668-BE54-9A1E7A4F7556}") = "IL.Extensions.Configuration.Binder.NewtonsoftJson", "IL.Extensions.Configuration.Binder.NewtonsoftJson\IL.Extensions.Configuration.Binder.NewtonsoftJson.csproj", "{6400956E-7B18-48A6-93FC-5A6CA1A96CBF}"
EndProject
Project("{9A19103F-16F7-4668-BE54-9A1E7A4F7556}") = "IL.Extensions.Configuration.Binder.NewtonsoftJson.Tests", "IL.Extensions.Configuration.Binder.NewtonsoftJson.Tests\IL.Extensions.Configuration.Binder.NewtonsoftJson.Tests.csproj", "{0994A843-8C69-45FB-AC5B-1ED97DEAF189}"
EndProject
Project("{FAE04EC0-301F-11D3-BF4B-00C04F79EFBC}") = "IL.Extensions.Options.ConfigurationExtensions.NewtonsoftJson", "IL.Extensions.Options.ConfigurationExtensions.NewtonsoftJson\IL.Extensions.Options.ConfigurationExtensions.NewtonsoftJson.csproj", "{3204F033-5CF2-414D-B2AC-2C660BEC5CB0}"
EndProject
Project("{FAE04EC0-301F-11D3-BF4B-00C04F79EFBC}") = "IL.Extensions.Options.ConfigurationExtensions.NewtonsoftJson.Tests", "IL.Extensions.Options.ConfigurationExtensions.NewtonsoftJson.Tests\IL.Extensions.Options.ConfigurationExtensions.NewtonsoftJson.Tests.csproj", "{46FB6821-6483-421F-B2F2-4F67DC0DE2D8}"
EndProject
Global
	GlobalSection(SolutionConfigurationPlatforms) = preSolution
		Debug|Any CPU = Debug|Any CPU
		Release|Any CPU = Release|Any CPU
	EndGlobalSection
	GlobalSection(ProjectConfigurationPlatforms) = postSolution
		{C6491F9A-02B2-4CC6-8153-9ED8D212C97B}.Debug|Any CPU.ActiveCfg = Debug|Any CPU
		{C6491F9A-02B2-4CC6-8153-9ED8D212C97B}.Debug|Any CPU.Build.0 = Debug|Any CPU
		{C6491F9A-02B2-4CC6-8153-9ED8D212C97B}.Release|Any CPU.ActiveCfg = Release|Any CPU
		{C6491F9A-02B2-4CC6-8153-9ED8D212C97B}.Release|Any CPU.Build.0 = Release|Any CPU
		{46A9EDC2-3033-45F0-A9B3-FFB1C2A1E15E}.Debug|Any CPU.ActiveCfg = Debug|Any CPU
		{46A9EDC2-3033-45F0-A9B3-FFB1C2A1E15E}.Debug|Any CPU.Build.0 = Debug|Any CPU
		{46A9EDC2-3033-45F0-A9B3-FFB1C2A1E15E}.Release|Any CPU.ActiveCfg = Release|Any CPU
		{46A9EDC2-3033-45F0-A9B3-FFB1C2A1E15E}.Release|Any CPU.Build.0 = Release|Any CPU
		{6400956E-7B18-48A6-93FC-5A6CA1A96CBF}.Debug|Any CPU.ActiveCfg = Debug|Any CPU
		{6400956E-7B18-48A6-93FC-5A6CA1A96CBF}.Debug|Any CPU.Build.0 = Debug|Any CPU
		{6400956E-7B18-48A6-93FC-5A6CA1A96CBF}.Release|Any CPU.ActiveCfg = Release|Any CPU
		{6400956E-7B18-48A6-93FC-5A6CA1A96CBF}.Release|Any CPU.Build.0 = Release|Any CPU
		{0994A843-8C69-45FB-AC5B-1ED97DEAF189}.Debug|Any CPU.ActiveCfg = Debug|Any CPU
		{0994A843-8C69-45FB-AC5B-1ED97DEAF189}.Debug|Any CPU.Build.0 = Debug|Any CPU
		{0994A843-8C69-45FB-AC5B-1ED97DEAF189}.Release|Any CPU.ActiveCfg = Release|Any CPU
		{0994A843-8C69-45FB-AC5B-1ED97DEAF189}.Release|Any CPU.Build.0 = Release|Any CPU
		{3204F033-5CF2-414D-B2AC-2C660BEC5CB0}.Debug|Any CPU.ActiveCfg = Debug|Any CPU
		{3204F033-5CF2-414D-B2AC-2C660BEC5CB0}.Debug|Any CPU.Build.0 = Debug|Any CPU
		{3204F033-5CF2-414D-B2AC-2C660BEC5CB0}.Release|Any CPU.ActiveCfg = Release|Any CPU
		{3204F033-5CF2-414D-B2AC-2C660BEC5CB0}.Release|Any CPU.Build.0 = Release|Any CPU
		{46FB6821-6483-421F-B2F2-4F67DC0DE2D8}.Debug|Any CPU.ActiveCfg = Debug|Any CPU
		{46FB6821-6483-421F-B2F2-4F67DC0DE2D8}.Debug|Any CPU.Build.0 = Debug|Any CPU
		{46FB6821-6483-421F-B2F2-4F67DC0DE2D8}.Release|Any CPU.ActiveCfg = Release|Any CPU
		{46FB6821-6483-421F-B2F2-4F67DC0DE2D8}.Release|Any CPU.Build.0 = Release|Any CPU
	EndGlobalSection
	GlobalSection(SolutionProperties) = preSolution
		HideSolutionNode = FALSE
	EndGlobalSection
	GlobalSection(ExtensibilityGlobals) = postSolution
		SolutionGuid = {D18F822D-6500-4CA0-9225-345DE235CEED}
	EndGlobalSection
EndGlobal
